// !$*UTF8*$!
{
	archiveVersion = 1;
	classes = {
	};
	objectVersion = 55;
	objects = {

/* Begin PBXBuildFile section */
		6F0ECF2426BD954100F33890 /* AppDelegate.swift in Sources */ = {isa = PBXBuildFile; fileRef = 6F0ECF2326BD954100F33890 /* AppDelegate.swift */; };
		6F0ECF2626BD954100F33890 /* SceneDelegate.swift in Sources */ = {isa = PBXBuildFile; fileRef = 6F0ECF2526BD954100F33890 /* SceneDelegate.swift */; };
		6F0ECF2B26BD954100F33890 /* Main.storyboard in Resources */ = {isa = PBXBuildFile; fileRef = 6F0ECF2926BD954100F33890 /* Main.storyboard */; };
		6F0ECF2D26BD954200F33890 /* Assets.xcassets in Resources */ = {isa = PBXBuildFile; fileRef = 6F0ECF2C26BD954200F33890 /* Assets.xcassets */; };
		6F0ECF3026BD954200F33890 /* LaunchScreen.storyboard in Resources */ = {isa = PBXBuildFile; fileRef = 6F0ECF2E26BD954200F33890 /* LaunchScreen.storyboard */; };
		6F0ECF3826BD983C00F33890 /* ToDo.swift in Sources */ = {isa = PBXBuildFile; fileRef = 6F0ECF3726BD983C00F33890 /* ToDo.swift */; };
		6F0ECF3A26BD990000F33890 /* ToDoTableViewController.swift in Sources */ = {isa = PBXBuildFile; fileRef = 6F0ECF3926BD990000F33890 /* ToDoTableViewController.swift */; };
		6F7366EE26BE5B86007878E7 /* ToDoDetailTableViewController.swift in Sources */ = {isa = PBXBuildFile; fileRef = 6F7366ED26BE5B86007878E7 /* ToDoDetailTableViewController.swift */; };
/* End PBXBuildFile section */

/* Begin PBXFileReference section */
		6F0ECF2026BD954100F33890 /* ToDoList_GuidedProject.app */ = {isa = PBXFileReference; explicitFileType = wrapper.application; includeInIndex = 0; path = ToDoList_GuidedProject.app; sourceTree = BUILT_PRODUCTS_DIR; };
		6F0ECF2326BD954100F33890 /* AppDelegate.swift */ = {isa = PBXFileReference; lastKnownFileType = sourcecode.swift; path = AppDelegate.swift; sourceTree = "<group>"; };
		6F0ECF2526BD954100F33890 /* SceneDelegate.swift */ = {isa = PBXFileReference; lastKnownFileType = sourcecode.swift; path = SceneDelegate.swift; sourceTree = "<group>"; };
		6F0ECF2A26BD954100F33890 /* Base */ = {isa = PBXFileReference; lastKnownFileType = file.storyboard; name = Base; path = Base.lproj/Main.storyboard; sourceTree = "<group>"; };
		6F0ECF2C26BD954200F33890 /* Assets.xcassets */ = {isa = PBXFileReference; lastKnownFileType = folder.assetcatalog; path = Assets.xcassets; sourceTree = "<group>"; };
		6F0ECF2F26BD954200F33890 /* Base */ = {isa = PBXFileReference; lastKnownFileType = file.storyboard; name = Base; path = Base.lproj/LaunchScreen.storyboard; sourceTree = "<group>"; };
		6F0ECF3126BD954200F33890 /* Info.plist */ = {isa = PBXFileReference; lastKnownFileType = text.plist.xml; path = Info.plist; sourceTree = "<group>"; };
		6F0ECF3726BD983C00F33890 /* ToDo.swift */ = {isa = PBXFileReference; lastKnownFileType = sourcecode.swift; path = ToDo.swift; sourceTree = "<group>"; };
		6F0ECF3926BD990000F33890 /* ToDoTableViewController.swift */ = {isa = PBXFileReference; lastKnownFileType = sourcecode.swift; path = ToDoTableViewController.swift; sourceTree = "<group>"; };
		6F7366ED26BE5B86007878E7 /* ToDoDetailTableViewController.swift */ = {isa = PBXFileReference; lastKnownFileType = sourcecode.swift; path = ToDoDetailTableViewController.swift; sourceTree = "<group>"; };
/* End PBXFileReference section */

/* Begin PBXFrameworksBuildPhase section */
		6F0ECF1D26BD954100F33890 /* Frameworks */ = {
			isa = PBXFrameworksBuildPhase;
			buildActionMask = 2147483647;
			files = (
			);
			runOnlyForDeploymentPostprocessing = 0;
		};
/* End PBXFrameworksBuildPhase section */

/* Begin PBXGroup section */
		6F0ECF1726BD954100F33890 = {
			isa = PBXGroup;
			children = (
				6F0ECF2226BD954100F33890 /* ToDoList_GuidedProject */,
				6F0ECF2126BD954100F33890 /* Products */,
			);
			sourceTree = "<group>";
		};
		6F0ECF2126BD954100F33890 /* Products */ = {
			isa = PBXGroup;
			children = (
				6F0ECF2026BD954100F33890 /* ToDoList_GuidedProject.app */,
			);
			name = Products;
			sourceTree = "<group>";
		};
		6F0ECF2226BD954100F33890 /* ToDoList_GuidedProject */ = {
			isa = PBXGroup;
			children = (
				6F0ECF2326BD954100F33890 /* AppDelegate.swift */,
				6F0ECF2526BD954100F33890 /* SceneDelegate.swift */,
				6F0ECF3726BD983C00F33890 /* ToDo.swift */,
				6F0ECF3926BD990000F33890 /* ToDoTableViewController.swift */,
				6F7366ED26BE5B86007878E7 /* ToDoDetailTableViewController.swift */,
				6F0ECF2926BD954100F33890 /* Main.storyboard */,
				6F0ECF2C26BD954200F33890 /* Assets.xcassets */,
				6F0ECF2E26BD954200F33890 /* LaunchScreen.storyboard */,
				6F0ECF3126BD954200F33890 /* Info.plist */,
			);
			path = ToDoList_GuidedProject;
			sourceTree = "<group>";
		};
/* End PBXGroup section */

/* Begin PBXNativeTarget section */
		6F0ECF1F26BD954100F33890 /* ToDoList_GuidedProject */ = {
			isa = PBXNativeTarget;
			buildConfigurationList = 6F0ECF3426BD954200F33890 /* Build configuration list for PBXNativeTarget "ToDoList_GuidedProject" */;
			buildPhases = (
				6F0ECF1C26BD954100F33890 /* Sources */,
				6F0ECF1D26BD954100F33890 /* Frameworks */,
				6F0ECF1E26BD954100F33890 /* Resources */,
			);
			buildRules = (
			);
			dependencies = (
			);
			name = ToDoList_GuidedProject;
			productName = ToDoList_GuidedProject;
			productReference = 6F0ECF2026BD954100F33890 /* ToDoList_GuidedProject.app */;
			productType = "com.apple.product-type.application";
		};
/* End PBXNativeTarget section */

/* Begin PBXProject section */
		6F0ECF1826BD954100F33890 /* Project object */ = {
			isa = PBXProject;
			attributes = {
				BuildIndependentTargetsInParallel = 1;
				LastSwiftUpdateCheck = 1300;
				LastUpgradeCheck = 1300;
				TargetAttributes = {
					6F0ECF1F26BD954100F33890 = {
						CreatedOnToolsVersion = 13.0;
					};
				};
			};
			buildConfigurationList = 6F0ECF1B26BD954100F33890 /* Build configuration list for PBXProject "ToDoList_GuidedProject" */;
			compatibilityVersion = "Xcode 13.0";
			developmentRegion = en;
			hasScannedForEncodings = 0;
			knownRegions = (
				en,
				Base,
			);
			mainGroup = 6F0ECF1726BD954100F33890;
			productRefGroup = 6F0ECF2126BD954100F33890 /* Products */;
			projectDirPath = "";
			projectRoot = "";
			targets = (
				6F0ECF1F26BD954100F33890 /* ToDoList_GuidedProject */,
			);
		};
/* End PBXProject section */

/* Begin PBXResourcesBuildPhase section */
		6F0ECF1E26BD954100F33890 /* Resources */ = {
			isa = PBXResourcesBuildPhase;
			buildActionMask = 2147483647;
			files = (
				6F0ECF3026BD954200F33890 /* LaunchScreen.storyboard in Resources */,
				6F0ECF2D26BD954200F33890 /* Assets.xcassets in Resources */,
				6F0ECF2B26BD954100F33890 /* Main.storyboard in Resources */,
			);
			runOnlyForDeploymentPostprocessing = 0;
		};
/* End PBXResourcesBuildPhase section */

/* Begin PBXSourcesBuildPhase section */
		6F0ECF1C26BD954100F33890 /* Sources */ = {
			isa = PBXSourcesBuildPhase;
			buildActionMask = 2147483647;
			files = (
				6F0ECF3826BD983C00F33890 /* ToDo.swift in Sources */,
				6F7366EE26BE5B86007878E7 /* ToDoDetailTableViewController.swift in Sources */,
				6F0ECF3A26BD990000F33890 /* ToDoTableViewController.swift in Sources */,
				6F0ECF2426BD954100F33890 /* AppDelegate.swift in Sources */,
				6F0ECF2626BD954100F33890 /* SceneDelegate.swift in Sources */,
			);
			runOnlyForDeploymentPostprocessing = 0;
		};
/* End PBXSourcesBuildPhase section */

/* Begin PBXVariantGroup section */
		6F0ECF2926BD954100F33890 /* Main.storyboard */ = {
			isa = PBXVariantGroup;
			children = (
				6F0ECF2A26BD954100F33890 /* Base */,
			);
			name = Main.storyboard;
			sourceTree = "<group>";
		};
		6F0ECF2E26BD954200F33890 /* LaunchScreen.storyboard */ = {
			isa = PBXVariantGroup;
			children = (
				6F0ECF2F26BD954200F33890 /* Base */,
			);
			name = LaunchScreen.storyboard;
			sourceTree = "<group>";
		};
/* End PBXVariantGroup section */

/* Begin XCBuildConfiguration section */
		6F0ECF3226BD954200F33890 /* Debug */ = {
			isa = XCBuildConfiguration;
			buildSettings = {
				ALWAYS_SEARCH_USER_PATHS = NO;
				CLANG_ANALYZER_NONNULL = YES;
				CLANG_ANALYZER_NUMBER_OBJECT_CONVERSION = YES_AGGRESSIVE;
				CLANG_CXX_LANGUAGE_STANDARD = "gnu++17";
				CLANG_CXX_LIBRARY = "libc++";
				CLANG_ENABLE_MODULES = YES;
				CLANG_ENABLE_OBJC_ARC = YES;
				CLANG_ENABLE_OBJC_WEAK = YES;
				CLANG_WARN_BLOCK_CAPTURE_AUTORELEASING = YES;
				CLANG_WARN_BOOL_CONVERSION = YES;
				CLANG_WARN_COMMA = YES;
				CLANG_WARN_CONSTANT_CONVERSION = YES;
				CLANG_WARN_DEPRECATED_OBJC_IMPLEMENTATIONS = YES;
				CLANG_WARN_DIRECT_OBJC_ISA_USAGE = YES_ERROR;
				CLANG_WARN_DOCUMENTATION_COMMENTS = YES;
				CLANG_WARN_EMPTY_BODY = YES;
				CLANG_WARN_ENUM_CONVERSION = YES;
				CLANG_WARN_INFINITE_RECURSION = YES;
				CLANG_WARN_INT_CONVERSION = YES;
				CLANG_WARN_NON_LITERAL_NULL_CONVERSION = YES;
				CLANG_WARN_OBJC_IMPLICIT_RETAIN_SELF = YES;
				CLANG_WARN_OBJC_LITERAL_CONVERSION = YES;
				CLANG_WARN_OBJC_ROOT_CLASS = YES_ERROR;
				CLANG_WARN_QUOTED_INCLUDE_IN_FRAMEWORK_HEADER = YES;
				CLANG_WARN_RANGE_LOOP_ANALYSIS = YES;
				CLANG_WARN_STRICT_PROTOTYPES = YES;
				CLANG_WARN_SUSPICIOUS_MOVE = YES;
				CLANG_WARN_UNGUARDED_AVAILABILITY = YES_AGGRESSIVE;
				CLANG_WARN_UNREACHABLE_CODE = YES;
				CLANG_WARN__DUPLICATE_METHOD_MATCH = YES;
				COPY_PHASE_STRIP = NO;
				DEBUG_INFORMATION_FORMAT = dwarf;
				ENABLE_STRICT_OBJC_MSGSEND = YES;
				ENABLE_TESTABILITY = YES;
				GCC_C_LANGUAGE_STANDARD = gnu11;
				GCC_DYNAMIC_NO_PIC = NO;
				GCC_NO_COMMON_BLOCKS = YES;
				GCC_OPTIMIZATION_LEVEL = 0;
				GCC_PREPROCESSOR_DEFINITIONS = (
					"DEBUG=1",
					"$(inherited)",
				);
				GCC_WARN_64_TO_32_BIT_CONVERSION = YES;
				GCC_WARN_ABOUT_RETURN_TYPE = YES_ERROR;
				GCC_WARN_UNDECLARED_SELECTOR = YES;
				GCC_WARN_UNINITIALIZED_AUTOS = YES_AGGRESSIVE;
				GCC_WARN_UNUSED_FUNCTION = YES;
				GCC_WARN_UNUSED_VARIABLE = YES;
				IPHONEOS_DEPLOYMENT_TARGET = 15.0;
				MTL_ENABLE_DEBUG_INFO = INCLUDE_SOURCE;
				MTL_FAST_MATH = YES;
				ONLY_ACTIVE_ARCH = YES;
				SDKROOT = iphoneos;
				SWIFT_ACTIVE_COMPILATION_CONDITIONS = DEBUG;
				SWIFT_OPTIMIZATION_LEVEL = "-Onone";
			};
			name = Debug;
		};
		6F0ECF3326BD954200F33890 /* Release */ = {
			isa = XCBuildConfiguration;
			buildSettings = {
				ALWAYS_SEARCH_USER_PATHS = NO;
				CLANG_ANALYZER_NONNULL = YES;
				CLANG_ANALYZER_NUMBER_OBJECT_CONVERSION = YES_AGGRESSIVE;
				CLANG_CXX_LANGUAGE_STANDARD = "gnu++17";
				CLANG_CXX_LIBRARY = "libc++";
				CLANG_ENABLE_MODULES = YES;
				CLANG_ENABLE_OBJC_ARC = YES;
				CLANG_ENABLE_OBJC_WEAK = YES;
				CLANG_WARN_BLOCK_CAPTURE_AUTORELEASING = YES;
				CLANG_WARN_BOOL_CONVERSION = YES;
				CLANG_WARN_COMMA = YES;
				CLANG_WARN_CONSTANT_CONVERSION = YES;
				CLANG_WARN_DEPRECATED_OBJC_IMPLEMENTATIONS = YES;
				CLANG_WARN_DIRECT_OBJC_ISA_USAGE = YES_ERROR;
				CLANG_WARN_DOCUMENTATION_COMMENTS = YES;
				CLANG_WARN_EMPTY_BODY = YES;
				CLANG_WARN_ENUM_CONVERSION = YES;
				CLANG_WARN_INFINITE_RECURSION = YES;
				CLANG_WARN_INT_CONVERSION = YES;
				CLANG_WARN_NON_LITERAL_NULL_CONVERSION = YES;
				CLANG_WARN_OBJC_IMPLICIT_RETAIN_SELF = YES;
				CLANG_WARN_OBJC_LITERAL_CONVERSION = YES;
				CLANG_WARN_OBJC_ROOT_CLASS = YES_ERROR;
				CLANG_WARN_QUOTED_INCLUDE_IN_FRAMEWORK_HEADER = YES;
				CLANG_WARN_RANGE_LOOP_ANALYSIS = YES;
				CLANG_WARN_STRICT_PROTOTYPES = YES;
				CLANG_WARN_SUSPICIOUS_MOVE = YES;
				CLANG_WARN_UNGUARDED_AVAILABILITY = YES_AGGRESSIVE;
				CLANG_WARN_UNREACHABLE_CODE = YES;
				CLANG_WARN__DUPLICATE_METHOD_MATCH = YES;
				COPY_PHASE_STRIP = NO;
				DEBUG_INFORMATION_FORMAT = "dwarf-with-dsym";
				ENABLE_NS_ASSERTIONS = NO;
				ENABLE_STRICT_OBJC_MSGSEND = YES;
				GCC_C_LANGUAGE_STANDARD = gnu11;
				GCC_NO_COMMON_BLOCKS = YES;
				GCC_WARN_64_TO_32_BIT_CONVERSION = YES;
				GCC_WARN_ABOUT_RETURN_TYPE = YES_ERROR;
				GCC_WARN_UNDECLARED_SELECTOR = YES;
				GCC_WARN_UNINITIALIZED_AUTOS = YES_AGGRESSIVE;
				GCC_WARN_UNUSED_FUNCTION = YES;
				GCC_WARN_UNUSED_VARIABLE = YES;
				IPHONEOS_DEPLOYMENT_TARGET = 15.0;
				MTL_ENABLE_DEBUG_INFO = NO;
				MTL_FAST_MATH = YES;
				SDKROOT = iphoneos;
				SWIFT_COMPILATION_MODE = wholemodule;
				SWIFT_OPTIMIZATION_LEVEL = "-O";
				VALIDATE_PRODUCT = YES;
			};
			name = Release;
		};
		6F0ECF3526BD954200F33890 /* Debug */ = {
			isa = XCBuildConfiguration;
			buildSettings = {
				ASSETCATALOG_COMPILER_APPICON_NAME = AppIcon;
				ASSETCATALOG_COMPILER_GLOBAL_ACCENT_COLOR_NAME = AccentColor;
				CODE_SIGN_STYLE = Automatic;
				CURRENT_PROJECT_VERSION = 1;
				DEVELOPMENT_TEAM = 9T65XWHQL7;
				GENERATE_INFOPLIST_FILE = YES;
				INFOPLIST_FILE = ToDoList_GuidedProject/Info.plist;
				INFOPLIST_KEY_UIApplicationSupportsIndirectInputEvents = YES;
				INFOPLIST_KEY_UILaunchStoryboardName = LaunchScreen;
				INFOPLIST_KEY_UIMainStoryboardFile = Main;
				INFOPLIST_KEY_UISupportedInterfaceOrientations_iPad = "UIInterfaceOrientationPortrait UIInterfaceOrientationPortraitUpsideDown UIInterfaceOrientationLandscapeLeft UIInterfaceOrientationLandscapeRight";
				INFOPLIST_KEY_UISupportedInterfaceOrientations_iPhone = "UIInterfaceOrientationPortrait UIInterfaceOrientationLandscapeLeft UIInterfaceOrientationLandscapeRight";
				LD_RUNPATH_SEARCH_PATHS = (
					"$(inherited)",
					"@executable_path/Frameworks",
				);
				MARKETING_VERSION = 1.0;
				PRODUCT_BUNDLE_IDENTIFIER = "ru.MrMurmanProd.ToDoList-GuidedProject";
				PRODUCT_NAME = "$(TARGET_NAME)";
				SWIFT_EMIT_LOC_STRINGS = YES;
				SWIFT_VERSION = 5.0;
				TARGETED_DEVICE_FAMILY = "1,2";
			};
			name = Debug;
		};
		6F0ECF3626BD954200F33890 /* Release */ = {
			isa = XCBuildConfiguration;
			buildSettings = {
				ASSETCATALOG_COMPILER_APPICON_NAME = AppIcon;
				ASSETCATALOG_COMPILER_GLOBAL_ACCENT_COLOR_NAME = AccentColor;
				CODE_SIGN_STYLE = Automatic;
				CURRENT_PROJECT_VERSION = 1;
				DEVELOPMENT_TEAM = 9T65XWHQL7;
				GENERATE_INFOPLIST_FILE = YES;
				INFOPLIST_FILE = ToDoList_GuidedProject/Info.plist;
				INFOPLIST_KEY_UIApplicationSupportsIndirectInputEvents = YES;
				INFOPLIST_KEY_UILaunchStoryboardName = LaunchScreen;
				INFOPLIST_KEY_UIMainStoryboardFile = Main;
				INFOPLIST_KEY_UISupportedInterfaceOrientations_iPad = "UIInterfaceOrientationPortrait UIInterfaceOrientationPortraitUpsideDown UIInterfaceOrientationLandscapeLeft UIInterfaceOrientationLandscapeRight";
				INFOPLIST_KEY_UISupportedInterfaceOrientations_iPhone = "UIInterfaceOrientationPortrait UIInterfaceOrientationLandscapeLeft UIInterfaceOrientationLandscapeRight";
				LD_RUNPATH_SEARCH_PATHS = (
					"$(inherited)",
					"@executable_path/Frameworks",
				);
				MARKETING_VERSION = 1.0;
				PRODUCT_BUNDLE_IDENTIFIER = "ru.MrMurmanProd.ToDoList-GuidedProject";
				PRODUCT_NAME = "$(TARGET_NAME)";
				SWIFT_EMIT_LOC_STRINGS = YES;
				SWIFT_VERSION = 5.0;
				TARGETED_DEVICE_FAMILY = "1,2";
			};
			name = Release;
		};
/* End XCBuildConfiguration section */

/* Begin XCConfigurationList section */
		6F0ECF1B26BD954100F33890 /* Build configuration list for PBXProject "ToDoList_GuidedProject" */ = {
			isa = XCConfigurationList;
			buildConfigurations = (
				6F0ECF3226BD954200F33890 /* Debug */,
				6F0ECF3326BD954200F33890 /* Release */,
			);
			defaultConfigurationIsVisible = 0;
			defaultConfigurationName = Release;
		};
		6F0ECF3426BD954200F33890 /* Build configuration list for PBXNativeTarget "ToDoList_GuidedProject" */ = {
			isa = XCConfigurationList;
			buildConfigurations = (
				6F0ECF3526BD954200F33890 /* Debug */,
				6F0ECF3626BD954200F33890 /* Release */,
			);
			defaultConfigurationIsVisible = 0;
			defaultConfigurationName = Release;
		};
/* End XCConfigurationList section */
	};
	rootObject = 6F0ECF1826BD954100F33890 /* Project object */;
}
